
Microsoft Visual Studio Solution File, Format Version 12.00
# Visual Studio Version 17
VisualStudioVersion = 17.3.32922.545
MinimumVisualStudioVersion = 10.0.40219.1
Project("{FAE04EC0-301F-11D3-BF4B-00C04F79EFBC}") = "BootCampCandidate", "BootCanpCandidate\BootCampCandidate.csproj", "{ED4D3A9B-01C3-4CF5-9932-15BCB421144E}"
EndProject
Global
	GlobalSection(SolutionConfigurationPlatforms) = preSolution
		Debug|Any CPU = Debug|Any CPU
		Release|Any CPU = Release|Any CPU
	EndGlobalSection
	GlobalSection(ProjectConfigurationPlatforms) = postSolution
		{ED4D3A9B-01C3-4CF5-9932-15BCB421144E}.Debug|Any CPU.ActiveCfg = Debug|Any CPU
		{ED4D3A9B-01C3-4CF5-9932-15BCB421144E}.Debug|Any CPU.Build.0 = Debug|Any CPU
		{ED4D3A9B-01C3-4CF5-9932-15BCB421144E}.Release|Any CPU.ActiveCfg = Release|Any CPU
		{ED4D3A9B-01C3-4CF5-9932-15BCB421144E}.Release|Any CPU.Build.0 = Release|Any CPU
	EndGlobalSection
	GlobalSection(SolutionProperties) = preSolution
		HideSolutionNode = FALSE
	EndGlobalSection
	GlobalSection(ExtensibilityGlobals) = postSolution
		SolutionGuid = {D5EB77D9-0F9F-4BA9-B270-67C50185C254}
	EndGlobalSection
EndGlobal
